
Microsoft Visual Studio Solution File, Format Version 12.00
# Visual Studio Version 17
VisualStudioVersion = 17.11.35327.3
MinimumVisualStudioVersion = 10.0.40219.1
Project("{FAE04EC0-301F-11D3-BF4B-00C04F79EFBC}") = "ConsoleApp1", "ConsoleApp1\ConsoleApp1.csproj", "{52351A92-198D-49D7-989C-A9F12E4CBDA4}"
EndProject
Global
	GlobalSection(SolutionConfigurationPlatforms) = preSolution
		Debug|Any CPU = Debug|Any CPU
		Release|Any CPU = Release|Any CPU
	EndGlobalSection
	GlobalSection(ProjectConfigurationPlatforms) = postSolution
		{52351A92-198D-49D7-989C-A9F12E4CBDA4}.Debug|Any CPU.ActiveCfg = Debug|Any CPU
		{52351A92-198D-49D7-989C-A9F12E4CBDA4}.Debug|Any CPU.Build.0 = Debug|Any CPU
		{52351A92-198D-49D7-989C-A9F12E4CBDA4}.Release|Any CPU.ActiveCfg = Release|Any CPU
		{52351A92-198D-49D7-989C-A9F12E4CBDA4}.Release|Any CPU.Build.0 = Release|Any CPU
	EndGlobalSection
	GlobalSection(SolutionProperties) = preSolution
		HideSolutionNode = FALSE
	EndGlobalSection
	GlobalSection(ExtensibilityGlobals) = postSolution
		SolutionGuid = {91205568-3C7D-463C-A023-74B548DD5C2B}
	EndGlobalSection
EndGlobal
